
Microsoft Visual Studio Solution File, Format Version 12.00
# Visual Studio 14
VisualStudioVersion = 14.0.25420.1
MinimumVisualStudioVersion = 10.0.40219.1
Project("{DA7A21FA-8162-4350-AD77-A8D1B671F3ED}") = "rproject_learning", "rproject_learning\rproject_learning.rxproj", "{DAF853BE-1D9A-41BA-AE5F-25904D252FDA}"
EndProject
Global
	GlobalSection(SolutionConfigurationPlatforms) = preSolution
		Debug|Any CPU = Debug|Any CPU
		Release|Any CPU = Release|Any CPU
	EndGlobalSection
	GlobalSection(ProjectConfigurationPlatforms) = postSolution
		{DAF853BE-1D9A-41BA-AE5F-25904D252FDA}.Debug|Any CPU.ActiveCfg = Debug|Any CPU
		{DAF853BE-1D9A-41BA-AE5F-25904D252FDA}.Debug|Any CPU.Build.0 = Debug|Any CPU
		{DAF853BE-1D9A-41BA-AE5F-25904D252FDA}.Release|Any CPU.ActiveCfg = Release|Any CPU
		{DAF853BE-1D9A-41BA-AE5F-25904D252FDA}.Release|Any CPU.Build.0 = Release|Any CPU
	EndGlobalSection
	GlobalSection(SolutionProperties) = preSolution
		HideSolutionNode = FALSE
	EndGlobalSection
EndGlobal
